
Microsoft Visual Studio Solution File, Format Version 12.00
# Visual Studio Version 16
VisualStudioVersion = 16.0.808.4
MinimumVisualStudioVersion = 10.0.40219.1
Project("{FAE04EC0-301F-11D3-BF4B-00C04F79EFBC}") = "LuigiChallenge", "LuigiChallenge\LuigiChallenge.csproj", "{5C594BE5-12F9-4D2D-8B1E-5352C0028BAA}"
EndProject
Global
	GlobalSection(SolutionConfigurationPlatforms) = preSolution
		Debug|Any CPU = Debug|Any CPU
		Release|Any CPU = Release|Any CPU
	EndGlobalSection
	GlobalSection(ProjectConfigurationPlatforms) = postSolution
		{5C594BE5-12F9-4D2D-8B1E-5352C0028BAA}.Debug|Any CPU.ActiveCfg = Debug|Any CPU
		{5C594BE5-12F9-4D2D-8B1E-5352C0028BAA}.Debug|Any CPU.Build.0 = Debug|Any CPU
		{5C594BE5-12F9-4D2D-8B1E-5352C0028BAA}.Release|Any CPU.ActiveCfg = Release|Any CPU
		{5C594BE5-12F9-4D2D-8B1E-5352C0028BAA}.Release|Any CPU.Build.0 = Release|Any CPU
	EndGlobalSection
	GlobalSection(SolutionProperties) = preSolution
		HideSolutionNode = FALSE
	EndGlobalSection
	GlobalSection(ExtensibilityGlobals) = postSolution
		SolutionGuid = {D75ED6CF-D113-4653-99C1-271419E6ED70}
	EndGlobalSection
EndGlobal
